
Microsoft Visual Studio Solution File, Format Version 12.00
# Visual Studio 15
VisualStudioVersion = 15.0.28307.421
MinimumVisualStudioVersion = 10.0.40219.1
Project("{FAE04EC0-301F-11D3-BF4B-00C04F79EFBC}") = "WordVSTOShare", "WordVSTOShare\WordVSTOShare.csproj", "{B6CB42B4-EED0-4858-9E8F-5D4910A843B4}"
EndProject
Project("{FAE04EC0-301F-11D3-BF4B-00C04F79EFBC}") = "ServerForVSTO", "ServerForVSTO\ServerForVSTO.csproj", "{AC5FBB84-BC26-4F4E-BA9D-705DACA63A8F}"
EndProject
Project("{FAE04EC0-301F-11D3-BF4B-00C04F79EFBC}") = "DALAPI", "DALAPI\DALAPI.csproj", "{6D8971A5-8499-4352-B27C-23AD814287C1}"
EndProject
Project("{FAE04EC0-301F-11D3-BF4B-00C04F79EFBC}") = "ModelAPI", "ModelAPI\ModelAPI.csproj", "{08F9C327-E686-4581-8755-797B2B29E5BF}"
EndProject
Project("{FAE04EC0-301F-11D3-BF4B-00C04F79EFBC}") = "BLLAPI", "BLLAPI\BLLAPI.csproj", "{ED90310A-9A9B-4937-A9EB-AAA81A49FEB9}"
EndProject
Global
	GlobalSection(SolutionConfigurationPlatforms) = preSolution
		Debug|Any CPU = Debug|Any CPU
		Release|Any CPU = Release|Any CPU
	EndGlobalSection
	GlobalSection(ProjectConfigurationPlatforms) = postSolution
		{B6CB42B4-EED0-4858-9E8F-5D4910A843B4}.Debug|Any CPU.ActiveCfg = Debug|Any CPU
		{B6CB42B4-EED0-4858-9E8F-5D4910A843B4}.Debug|Any CPU.Build.0 = Debug|Any CPU
		{B6CB42B4-EED0-4858-9E8F-5D4910A843B4}.Release|Any CPU.ActiveCfg = Release|Any CPU
		{B6CB42B4-EED0-4858-9E8F-5D4910A843B4}.Release|Any CPU.Build.0 = Release|Any CPU
		{AC5FBB84-BC26-4F4E-BA9D-705DACA63A8F}.Debug|Any CPU.ActiveCfg = Debug|Any CPU
		{AC5FBB84-BC26-4F4E-BA9D-705DACA63A8F}.Debug|Any CPU.Build.0 = Debug|Any CPU
		{AC5FBB84-BC26-4F4E-BA9D-705DACA63A8F}.Release|Any CPU.ActiveCfg = Release|Any CPU
		{AC5FBB84-BC26-4F4E-BA9D-705DACA63A8F}.Release|Any CPU.Build.0 = Release|Any CPU
		{6D8971A5-8499-4352-B27C-23AD814287C1}.Debug|Any CPU.ActiveCfg = Debug|Any CPU
		{6D8971A5-8499-4352-B27C-23AD814287C1}.Debug|Any CPU.Build.0 = Debug|Any CPU
		{6D8971A5-8499-4352-B27C-23AD814287C1}.Release|Any CPU.ActiveCfg = Release|Any CPU
		{6D8971A5-8499-4352-B27C-23AD814287C1}.Release|Any CPU.Build.0 = Release|Any CPU
		{08F9C327-E686-4581-8755-797B2B29E5BF}.Debug|Any CPU.ActiveCfg = Debug|Any CPU
		{08F9C327-E686-4581-8755-797B2B29E5BF}.Debug|Any CPU.Build.0 = Debug|Any CPU
		{08F9C327-E686-4581-8755-797B2B29E5BF}.Release|Any CPU.ActiveCfg = Release|Any CPU
		{08F9C327-E686-4581-8755-797B2B29E5BF}.Release|Any CPU.Build.0 = Release|Any CPU
		{ED90310A-9A9B-4937-A9EB-AAA81A49FEB9}.Debug|Any CPU.ActiveCfg = Debug|Any CPU
		{ED90310A-9A9B-4937-A9EB-AAA81A49FEB9}.Debug|Any CPU.Build.0 = Debug|Any CPU
		{ED90310A-9A9B-4937-A9EB-AAA81A49FEB9}.Release|Any CPU.ActiveCfg = Release|Any CPU
		{ED90310A-9A9B-4937-A9EB-AAA81A49FEB9}.Release|Any CPU.Build.0 = Release|Any CPU
	EndGlobalSection
	GlobalSection(SolutionProperties) = preSolution
		HideSolutionNode = FALSE
	EndGlobalSection
	GlobalSection(ExtensibilityGlobals) = postSolution
		SolutionGuid = {D4D5C3F4-0008-4B75-A830-A0361787AD96}
	EndGlobalSection
EndGlobal
